
Microsoft Visual Studio Solution File, Format Version 12.00
# Visual Studio Version 17
VisualStudioVersion = 17.5.33530.505
MinimumVisualStudioVersion = 10.0.40219.1
Project("{FAE04EC0-301F-11D3-BF4B-00C04F79EFBC}") = "WebApplication7", "WebApplication7\WebApplication7.csproj", "{B5DA440E-BE4D-48AA-9B89-45BBCAC1F0CD}"
EndProject
Global
	GlobalSection(SolutionConfigurationPlatforms) = preSolution
		Debug|Any CPU = Debug|Any CPU
		Release|Any CPU = Release|Any CPU
	EndGlobalSection
	GlobalSection(ProjectConfigurationPlatforms) = postSolution
		{B5DA440E-BE4D-48AA-9B89-45BBCAC1F0CD}.Debug|Any CPU.ActiveCfg = Debug|Any CPU
		{B5DA440E-BE4D-48AA-9B89-45BBCAC1F0CD}.Debug|Any CPU.Build.0 = Debug|Any CPU
		{B5DA440E-BE4D-48AA-9B89-45BBCAC1F0CD}.Release|Any CPU.ActiveCfg = Release|Any CPU
		{B5DA440E-BE4D-48AA-9B89-45BBCAC1F0CD}.Release|Any CPU.Build.0 = Release|Any CPU
	EndGlobalSection
	GlobalSection(SolutionProperties) = preSolution
		HideSolutionNode = FALSE
	EndGlobalSection
	GlobalSection(ExtensibilityGlobals) = postSolution
		SolutionGuid = {0EDF7C6A-ACF6-4E11-A984-C4E017E1CCD0}
	EndGlobalSection
EndGlobal
